
Microsoft Visual Studio Solution File, Format Version 12.00
# Visual Studio 2013
VisualStudioVersion = 12.0.40629.0
MinimumVisualStudioVersion = 10.0.40219.1
Project("{FAE04EC0-301F-11D3-BF4B-00C04F79EFBC}") = "NAudioMP3Extractor", "NAudioMP3Extractor\NAudioMP3Extractor.csproj", "{151EE09F-7758-46E1-9C04-D7610F9DF0FD}"
EndProject
Global
	GlobalSection(SolutionConfigurationPlatforms) = preSolution
		Debug|Any CPU = Debug|Any CPU
		Release|Any CPU = Release|Any CPU
	EndGlobalSection
	GlobalSection(ProjectConfigurationPlatforms) = postSolution
		{151EE09F-7758-46E1-9C04-D7610F9DF0FD}.Debug|Any CPU.ActiveCfg = Debug|Any CPU
		{151EE09F-7758-46E1-9C04-D7610F9DF0FD}.Debug|Any CPU.Build.0 = Debug|Any CPU
		{151EE09F-7758-46E1-9C04-D7610F9DF0FD}.Release|Any CPU.ActiveCfg = Release|Any CPU
		{151EE09F-7758-46E1-9C04-D7610F9DF0FD}.Release|Any CPU.Build.0 = Release|Any CPU
	EndGlobalSection
	GlobalSection(SolutionProperties) = preSolution
		HideSolutionNode = FALSE
	EndGlobalSection
EndGlobal
